
Microsoft Visual Studio Solution File, Format Version 12.00
# Visual Studio Version 16
VisualStudioVersion = 16.0.31321.278
MinimumVisualStudioVersion = 10.0.40219.1
Project("{FAE04EC0-301F-11D3-BF4B-00C04F79EFBC}") = "TRO14-Downloader", "TRO14-Downloader\TRO14-Downloader.csproj", "{797FCE1E-3018-4BEC-BF1F-5B939571AD47}"
EndProject
Global
	GlobalSection(SolutionConfigurationPlatforms) = preSolution
		Debug|Any CPU = Debug|Any CPU
		Release|Any CPU = Release|Any CPU
	EndGlobalSection
	GlobalSection(ProjectConfigurationPlatforms) = postSolution
		{797FCE1E-3018-4BEC-BF1F-5B939571AD47}.Debug|Any CPU.ActiveCfg = Debug|Any CPU
		{797FCE1E-3018-4BEC-BF1F-5B939571AD47}.Debug|Any CPU.Build.0 = Debug|Any CPU
		{797FCE1E-3018-4BEC-BF1F-5B939571AD47}.Release|Any CPU.ActiveCfg = Release|Any CPU
		{797FCE1E-3018-4BEC-BF1F-5B939571AD47}.Release|Any CPU.Build.0 = Release|Any CPU
	EndGlobalSection
	GlobalSection(SolutionProperties) = preSolution
		HideSolutionNode = FALSE
	EndGlobalSection
	GlobalSection(ExtensibilityGlobals) = postSolution
		SolutionGuid = {7E7C8820-E40A-40F6-B657-3D2B723672C3}
	EndGlobalSection
EndGlobal
